
Microsoft Visual Studio Solution File, Format Version 12.00
# Visual Studio 15
VisualStudioVersion = 15.0.27703.1
MinimumVisualStudioVersion = 10.0.40219.1
Project("{FAE04EC0-301F-11D3-BF4B-00C04F79EFBC}") = "ViolationSRP", "ViolationSRP\ViolationSRP.csproj", "{FD7A8AD6-3BD9-4387-B9A6-3DDFBA76E276}"
EndProject
Global
	GlobalSection(SolutionConfigurationPlatforms) = preSolution
		Debug|Any CPU = Debug|Any CPU
		Release|Any CPU = Release|Any CPU
	EndGlobalSection
	GlobalSection(ProjectConfigurationPlatforms) = postSolution
		{FD7A8AD6-3BD9-4387-B9A6-3DDFBA76E276}.Debug|Any CPU.ActiveCfg = Debug|Any CPU
		{FD7A8AD6-3BD9-4387-B9A6-3DDFBA76E276}.Debug|Any CPU.Build.0 = Debug|Any CPU
		{FD7A8AD6-3BD9-4387-B9A6-3DDFBA76E276}.Release|Any CPU.ActiveCfg = Release|Any CPU
		{FD7A8AD6-3BD9-4387-B9A6-3DDFBA76E276}.Release|Any CPU.Build.0 = Release|Any CPU
	EndGlobalSection
	GlobalSection(SolutionProperties) = preSolution
		HideSolutionNode = FALSE
	EndGlobalSection
	GlobalSection(ExtensibilityGlobals) = postSolution
		SolutionGuid = {A244EC3B-D0AA-46B5-BAB2-E92DA6B4D6F7}
	EndGlobalSection
EndGlobal
